
Microsoft Visual Studio Solution File, Format Version 12.00
Project("{FAE04EC0-301F-11D3-BF4B-00C04F79EFBC}") = "ConsoleRPGV3", "RPG\ConsoleRPGV3.csproj", "{0DDF05CA-8B6A-4D4C-A80F-B20AA44A1B39}"
EndProject
Global
	GlobalSection(SolutionConfigurationPlatforms) = preSolution
		Debug|Any CPU = Debug|Any CPU
		Release|Any CPU = Release|Any CPU
	EndGlobalSection
	GlobalSection(ProjectConfigurationPlatforms) = postSolution
		{0DDF05CA-8B6A-4D4C-A80F-B20AA44A1B39}.Debug|Any CPU.ActiveCfg = Debug|Any CPU
		{0DDF05CA-8B6A-4D4C-A80F-B20AA44A1B39}.Debug|Any CPU.Build.0 = Debug|Any CPU
		{0DDF05CA-8B6A-4D4C-A80F-B20AA44A1B39}.Release|Any CPU.ActiveCfg = Release|Any CPU
		{0DDF05CA-8B6A-4D4C-A80F-B20AA44A1B39}.Release|Any CPU.Build.0 = Release|Any CPU
		{0DDF05CA-8B6A-4D4C-A80F-B20AA44A1B39}.Debug|Any CPU.Deploy.0 = Debug|Any CPU
	EndGlobalSection
EndGlobal
